
Microsoft Visual Studio Solution File, Format Version 12.00
# Visual Studio Version 17
VisualStudioVersion = 17.6.33723.286
MinimumVisualStudioVersion = 10.0.40219.1
Project("{FAE04EC0-301F-11D3-BF4B-00C04F79EFBC}") = "CQRS.Web", "CQRS.Web\CQRS.Web.csproj", "{5ABFE095-6E16-4302-8103-A48C85BA4D9A}"
EndProject
Global
	GlobalSection(SolutionConfigurationPlatforms) = preSolution
		Debug|Any CPU = Debug|Any CPU
		Release|Any CPU = Release|Any CPU
	EndGlobalSection
	GlobalSection(ProjectConfigurationPlatforms) = postSolution
		{5ABFE095-6E16-4302-8103-A48C85BA4D9A}.Debug|Any CPU.ActiveCfg = Debug|Any CPU
		{5ABFE095-6E16-4302-8103-A48C85BA4D9A}.Debug|Any CPU.Build.0 = Debug|Any CPU
		{5ABFE095-6E16-4302-8103-A48C85BA4D9A}.Release|Any CPU.ActiveCfg = Release|Any CPU
		{5ABFE095-6E16-4302-8103-A48C85BA4D9A}.Release|Any CPU.Build.0 = Release|Any CPU
	EndGlobalSection
	GlobalSection(SolutionProperties) = preSolution
		HideSolutionNode = FALSE
	EndGlobalSection
	GlobalSection(ExtensibilityGlobals) = postSolution
		SolutionGuid = {E7B63FE3-2CA2-475D-83B8-5D482F9752C8}
	EndGlobalSection
EndGlobal
